
Microsoft Visual Studio Solution File, Format Version 12.00
# Visual Studio Version 16
VisualStudioVersion = 16.0.30011.22
MinimumVisualStudioVersion = 10.0.40219.1
Project("{FAE04EC0-301F-11D3-BF4B-00C04F79EFBC}") = "PlaceMyBet", "AccesoDatos1\PlaceMyBet.csproj", "{FADC1596-8596-4270-B90F-DAF1950E93A6}"
EndProject
Global
	GlobalSection(SolutionConfigurationPlatforms) = preSolution
		Debug|Any CPU = Debug|Any CPU
		Release|Any CPU = Release|Any CPU
	EndGlobalSection
	GlobalSection(ProjectConfigurationPlatforms) = postSolution
		{FADC1596-8596-4270-B90F-DAF1950E93A6}.Debug|Any CPU.ActiveCfg = Debug|Any CPU
		{FADC1596-8596-4270-B90F-DAF1950E93A6}.Debug|Any CPU.Build.0 = Debug|Any CPU
		{FADC1596-8596-4270-B90F-DAF1950E93A6}.Release|Any CPU.ActiveCfg = Release|Any CPU
		{FADC1596-8596-4270-B90F-DAF1950E93A6}.Release|Any CPU.Build.0 = Release|Any CPU
	EndGlobalSection
	GlobalSection(SolutionProperties) = preSolution
		HideSolutionNode = FALSE
	EndGlobalSection
	GlobalSection(ExtensibilityGlobals) = postSolution
		SolutionGuid = {F222F708-22B5-44B5-BB69-CF4A7E6D6FF6}
	EndGlobalSection
EndGlobal
