
Microsoft Visual Studio Solution File, Format Version 12.00
# Visual Studio Version 16
VisualStudioVersion = 16.0.29306.81
MinimumVisualStudioVersion = 10.0.40219.1
Project("{FAE04EC0-301F-11D3-BF4B-00C04F79EFBC}") = "PlaceMyBet", "PlaceMyBet\PlaceMyBet.csproj", "{59A614CC-7DC1-4193-8C5D-DA6E8516B09A}"
EndProject
Global
	GlobalSection(SolutionConfigurationPlatforms) = preSolution
		Debug|Any CPU = Debug|Any CPU
		Release|Any CPU = Release|Any CPU
	EndGlobalSection
	GlobalSection(ProjectConfigurationPlatforms) = postSolution
		{59A614CC-7DC1-4193-8C5D-DA6E8516B09A}.Debug|Any CPU.ActiveCfg = Debug|Any CPU
		{59A614CC-7DC1-4193-8C5D-DA6E8516B09A}.Debug|Any CPU.Build.0 = Debug|Any CPU
		{59A614CC-7DC1-4193-8C5D-DA6E8516B09A}.Release|Any CPU.ActiveCfg = Release|Any CPU
		{59A614CC-7DC1-4193-8C5D-DA6E8516B09A}.Release|Any CPU.Build.0 = Release|Any CPU
	EndGlobalSection
	GlobalSection(SolutionProperties) = preSolution
		HideSolutionNode = FALSE
	EndGlobalSection
	GlobalSection(ExtensibilityGlobals) = postSolution
		SolutionGuid = {BB70F0D8-5839-4655-953E-16C423C0FA62}
	EndGlobalSection
EndGlobal
